
Microsoft Visual Studio Solution File, Format Version 12.00
# Visual Studio Version 16
VisualStudioVersion = 16.0.31613.86
MinimumVisualStudioVersion = 10.0.40219.1
Project("{FAE04EC0-301F-11D3-BF4B-00C04F79EFBC}") = "DotNetNotebook.SampleMagicCommand", "DotNetNotebook.SampleMagicCommand\DotNetNotebook.SampleMagicCommand.csproj", "{44027FF2-D687-4AFE-8BA8-965C10D30908}"
EndProject
Global
	GlobalSection(SolutionConfigurationPlatforms) = preSolution
		Debug|Any CPU = Debug|Any CPU
		Release|Any CPU = Release|Any CPU
	EndGlobalSection
	GlobalSection(ProjectConfigurationPlatforms) = postSolution
		{44027FF2-D687-4AFE-8BA8-965C10D30908}.Debug|Any CPU.ActiveCfg = Debug|Any CPU
		{44027FF2-D687-4AFE-8BA8-965C10D30908}.Debug|Any CPU.Build.0 = Debug|Any CPU
		{44027FF2-D687-4AFE-8BA8-965C10D30908}.Release|Any CPU.ActiveCfg = Release|Any CPU
		{44027FF2-D687-4AFE-8BA8-965C10D30908}.Release|Any CPU.Build.0 = Release|Any CPU
	EndGlobalSection
	GlobalSection(SolutionProperties) = preSolution
		HideSolutionNode = FALSE
	EndGlobalSection
	GlobalSection(ExtensibilityGlobals) = postSolution
		SolutionGuid = {C75AA434-C873-481A-AC3B-C4BA206D841C}
	EndGlobalSection
EndGlobal
